Microsoft Visual Studio Solution File, Format Version 12.00
# Visual Studio Version 17
VisualStudioVersion = 17.5.2.0
MinimumVisualStudioVersion = 10.0.40219.1
Project("{FAE04EC0-301F-11D3-BF4B-00C04F79EFBC}") = "GeonBit.UI.Examples", "GeonBit.UI.Examples.csproj", "{53063AAA-8FCA-09EE-E606-FB0ED4EACE06}"
EndProject
Project("{FAE04EC0-301F-11D3-BF4B-00C04F79EFBC}") = "GeonBit.UI", "GeonBit.UI\GeonBit.UI.csproj", "{AD0318DD-B6F5-9D19-FA19-7F087469F23D}"
EndProject
Project("{2150E333-8FDC-42A3-9474-1A3956D46DE8}") = "GeonBit.UI (1)", "GeonBit.UI (1)", "{F9010280-ADDD-379D-BC0D-9B3D08CBA36F}"
EndProject
Project("{2150E333-8FDC-42A3-9474-1A3956D46DE8}") = "Content", "Content", "{F6878D5E-5794-13F5-2132-6DB593B260C4}"
EndProject
Project("{2150E333-8FDC-42A3-9474-1A3956D46DE8}") = "GeonBit.UI", "GeonBit.UI", "{12449A76-D4F5-CCD8-BAA4-0A757F79BB21}"
EndProject
Project("{2150E333-8FDC-42A3-9474-1A3956D46DE8}") = "Themes", "Themes", "{3AC7BC1B-2C6B-86A6-C7F7-F3EC15AD074D}"
EndProject
Project("{2150E333-8FDC-42A3-9474-1A3956D46DE8}") = "editor", "editor", "{17D65B1D-E7A6-C5B0-A3E6-E37266C7223A}"
EndProject
Project("{FAE04EC0-301F-11D3-BF4B-00C04F79EFBC}") = "GeonBit.UI.Examples", "GeonBit.UI\Content\GeonBit.UI\Themes\editor\fonts\GeonBit.UI.Examples.csproj", "{D07C7837-4F0B-3921-8B7C-E4C1B8A91DCD}"
EndProject
Project("{2150E333-8FDC-42A3-9474-1A3956D46DE8}") = "hd", "hd", "{CD00246B-1439-017B-10A2-327293773C99}"
EndProject
Project("{FAE04EC0-301F-11D3-BF4B-00C04F79EFBC}") = "GeonBit.UI.Examples", "GeonBit.UI\Content\GeonBit.UI\Themes\hd\fonts\GeonBit.UI.Examples.csproj", "{5FE910BD-84D1-21DE-C797-71BAA85C8C9C}"
EndProject
Project("{2150E333-8FDC-42A3-9474-1A3956D46DE8}") = "lowres", "lowres", "{2CA68F0A-437D-ED7E-3984-4F2FCE454349}"
EndProject
Project("{FAE04EC0-301F-11D3-BF4B-00C04F79EFBC}") = "GeonBit.UI.Examples", "GeonBit.UI\Content\GeonBit.UI\Themes\lowres\fonts\GeonBit.UI.Examples.csproj", "{ADC9D8ED-C597-A1FA-C907-088D9B0EEA6F}"
EndProject
Global
	GlobalSection(SolutionConfigurationPlatforms) = preSolution
		Debug|Any CPU = Debug|Any CPU
		Release|Any CPU = Release|Any CPU
	EndGlobalSection
	GlobalSection(ProjectConfigurationPlatforms) = postSolution
		{53063AAA-8FCA-09EE-E606-FB0ED4EACE06}.Debug|Any CPU.ActiveCfg = Debug|Any CPU
		{53063AAA-8FCA-09EE-E606-FB0ED4EACE06}.Debug|Any CPU.Build.0 = Debug|Any CPU
		{53063AAA-8FCA-09EE-E606-FB0ED4EACE06}.Release|Any CPU.ActiveCfg = Release|Any CPU
		{53063AAA-8FCA-09EE-E606-FB0ED4EACE06}.Release|Any CPU.Build.0 = Release|Any CPU
		{AD0318DD-B6F5-9D19-FA19-7F087469F23D}.Debug|Any CPU.ActiveCfg = Debug|Any CPU
		{AD0318DD-B6F5-9D19-FA19-7F087469F23D}.Debug|Any CPU.Build.0 = Debug|Any CPU
		{AD0318DD-B6F5-9D19-FA19-7F087469F23D}.Release|Any CPU.ActiveCfg = Release|Any CPU
		{AD0318DD-B6F5-9D19-FA19-7F087469F23D}.Release|Any CPU.Build.0 = Release|Any CPU
		{D07C7837-4F0B-3921-8B7C-E4C1B8A91DCD}.Debug|Any CPU.ActiveCfg = Debug|Any CPU
		{D07C7837-4F0B-3921-8B7C-E4C1B8A91DCD}.Debug|Any CPU.Build.0 = Debug|Any CPU
		{D07C7837-4F0B-3921-8B7C-E4C1B8A91DCD}.Release|Any CPU.ActiveCfg = Release|Any CPU
		{D07C7837-4F0B-3921-8B7C-E4C1B8A91DCD}.Release|Any CPU.Build.0 = Release|Any CPU
		{5FE910BD-84D1-21DE-C797-71BAA85C8C9C}.Debug|Any CPU.ActiveCfg = Debug|Any CPU
		{5FE910BD-84D1-21DE-C797-71BAA85C8C9C}.Debug|Any CPU.Build.0 = Debug|Any CPU
		{5FE910BD-84D1-21DE-C797-71BAA85C8C9C}.Release|Any CPU.ActiveCfg = Release|Any CPU
		{5FE910BD-84D1-21DE-C797-71BAA85C8C9C}.Release|Any CPU.Build.0 = Release|Any CPU
		{ADC9D8ED-C597-A1FA-C907-088D9B0EEA6F}.Debug|Any CPU.ActiveCfg = Debug|Any CPU
		{ADC9D8ED-C597-A1FA-C907-088D9B0EEA6F}.Debug|Any CPU.Build.0 = Debug|Any CPU
		{ADC9D8ED-C597-A1FA-C907-088D9B0EEA6F}.Release|Any CPU.ActiveCfg = Release|Any CPU
		{ADC9D8ED-C597-A1FA-C907-088D9B0EEA6F}.Release|Any CPU.Build.0 = Release|Any CPU
	EndGlobalSection
	GlobalSection(SolutionProperties) = preSolution
		HideSolutionNode = FALSE
	EndGlobalSection
	GlobalSection(NestedProjects) = preSolution
		{F6878D5E-5794-13F5-2132-6DB593B260C4} = {F9010280-ADDD-379D-BC0D-9B3D08CBA36F}
		{12449A76-D4F5-CCD8-BAA4-0A757F79BB21} = {F6878D5E-5794-13F5-2132-6DB593B260C4}
		{3AC7BC1B-2C6B-86A6-C7F7-F3EC15AD074D} = {12449A76-D4F5-CCD8-BAA4-0A757F79BB21}
		{17D65B1D-E7A6-C5B0-A3E6-E37266C7223A} = {3AC7BC1B-2C6B-86A6-C7F7-F3EC15AD074D}
		{D07C7837-4F0B-3921-8B7C-E4C1B8A91DCD} = {17D65B1D-E7A6-C5B0-A3E6-E37266C7223A}
		{CD00246B-1439-017B-10A2-327293773C99} = {3AC7BC1B-2C6B-86A6-C7F7-F3EC15AD074D}
		{5FE910BD-84D1-21DE-C797-71BAA85C8C9C} = {CD00246B-1439-017B-10A2-327293773C99}
		{2CA68F0A-437D-ED7E-3984-4F2FCE454349} = {3AC7BC1B-2C6B-86A6-C7F7-F3EC15AD074D}
		{ADC9D8ED-C597-A1FA-C907-088D9B0EEA6F} = {2CA68F0A-437D-ED7E-3984-4F2FCE454349}
	EndGlobalSection
	GlobalSection(ExtensibilityGlobals) = postSolution
		SolutionGuid = {45792413-F83E-40BF-80DC-51647E2F7303}
	EndGlobalSection
EndGlobal
