
Microsoft Visual Studio Solution File, Format Version 12.00
# Visual Studio Version 17
VisualStudioVersion = 17.12.35707.178
MinimumVisualStudioVersion = 10.0.40219.1
Project("{FAE04EC0-301F-11D3-BF4B-00C04F79EFBC}") = "client", "WindowsFormsApp2\client.csproj", "{6A0A79EC-BE02-402C-B1DA-858590821F69}"
EndProject
Global
	GlobalSection(SolutionConfigurationPlatforms) = preSolution
		Debug|Any CPU = Debug|Any CPU
		Release|Any CPU = Release|Any CPU
	EndGlobalSection
	GlobalSection(ProjectConfigurationPlatforms) = postSolution
		{6A0A79EC-BE02-402C-B1DA-858590821F69}.Debug|Any CPU.ActiveCfg = Debug|Any CPU
		{6A0A79EC-BE02-402C-B1DA-858590821F69}.Debug|Any CPU.Build.0 = Debug|Any CPU
		{6A0A79EC-BE02-402C-B1DA-858590821F69}.Release|Any CPU.ActiveCfg = Release|Any CPU
		{6A0A79EC-BE02-402C-B1DA-858590821F69}.Release|Any CPU.Build.0 = Release|Any CPU
	EndGlobalSection
	GlobalSection(SolutionProperties) = preSolution
		HideSolutionNode = FALSE
	EndGlobalSection
	GlobalSection(ExtensibilityGlobals) = postSolution
		SolutionGuid = {5F20142D-8578-44E9-AA20-72F96AEF316A}
	EndGlobalSection
EndGlobal
º